
Microsoft Visual Studio Solution File, Format Version 12.00
# Visual Studio Version 17
VisualStudioVersion = 17.5.33530.505
MinimumVisualStudioVersion = 10.0.40219.1
Project("{FAE04EC0-301F-11D3-BF4B-00C04F79EFBC}") = "SkyWatch.Server", "Server\SkyWatch.Server.csproj", "{B737DC8A-91A1-4E20-A14A-8BB12E4CD4FD}"
EndProject
Project("{FAE04EC0-301F-11D3-BF4B-00C04F79EFBC}") = "SkyWatch.Client", "Client\SkyWatch.Client.csproj", "{78785824-8275-4426-B6BF-14BAA44E6E56}"
EndProject
Project("{FAE04EC0-301F-11D3-BF4B-00C04F79EFBC}") = "SkyWatch.Shared", "Shared\SkyWatch.Shared.csproj", "{499E4644-7D52-4493-BF0B-D2D1693BB890}"
EndProject
Global
	GlobalSection(SolutionConfigurationPlatforms) = preSolution
		Debug|Any CPU = Debug|Any CPU
		Release|Any CPU = Release|Any CPU
	EndGlobalSection
	GlobalSection(ProjectConfigurationPlatforms) = postSolution
		{B737DC8A-91A1-4E20-A14A-8BB12E4CD4FD}.Debug|Any CPU.ActiveCfg = Debug|Any CPU
		{B737DC8A-91A1-4E20-A14A-8BB12E4CD4FD}.Debug|Any CPU.Build.0 = Debug|Any CPU
		{B737DC8A-91A1-4E20-A14A-8BB12E4CD4FD}.Release|Any CPU.ActiveCfg = Release|Any CPU
		{B737DC8A-91A1-4E20-A14A-8BB12E4CD4FD}.Release|Any CPU.Build.0 = Release|Any CPU
		{78785824-8275-4426-B6BF-14BAA44E6E56}.Debug|Any CPU.ActiveCfg = Debug|Any CPU
		{78785824-8275-4426-B6BF-14BAA44E6E56}.Debug|Any CPU.Build.0 = Debug|Any CPU
		{78785824-8275-4426-B6BF-14BAA44E6E56}.Release|Any CPU.ActiveCfg = Release|Any CPU
		{78785824-8275-4426-B6BF-14BAA44E6E56}.Release|Any CPU.Build.0 = Release|Any CPU
		{499E4644-7D52-4493-BF0B-D2D1693BB890}.Debug|Any CPU.ActiveCfg = Debug|Any CPU
		{499E4644-7D52-4493-BF0B-D2D1693BB890}.Debug|Any CPU.Build.0 = Debug|Any CPU
		{499E4644-7D52-4493-BF0B-D2D1693BB890}.Release|Any CPU.ActiveCfg = Release|Any CPU
		{499E4644-7D52-4493-BF0B-D2D1693BB890}.Release|Any CPU.Build.0 = Release|Any CPU
	EndGlobalSection
	GlobalSection(SolutionProperties) = preSolution
		HideSolutionNode = FALSE
	EndGlobalSection
	GlobalSection(ExtensibilityGlobals) = postSolution
		SolutionGuid = {474193C1-B5C8-489F-BA9B-929AB73E9D5D}
	EndGlobalSection
EndGlobal
